
Microsoft Visual Studio Solution File, Format Version 12.00
# Visual Studio Version 17
VisualStudioVersion = 17.0.31717.71
MinimumVisualStudioVersion = 10.0.40219.1
Project("{FAE04EC0-301F-11D3-BF4B-00C04F79EFBC}") = "AuthModule", "AuthModule\AuthModule.csproj", "{AD08EB52-EA72-4AFB-A44D-447FB97AE2F1}"
EndProject
Global
	GlobalSection(SolutionConfigurationPlatforms) = preSolution
		Debug|Any CPU = Debug|Any CPU
		Release|Any CPU = Release|Any CPU
	EndGlobalSection
	GlobalSection(ProjectConfigurationPlatforms) = postSolution
		{AD08EB52-EA72-4AFB-A44D-447FB97AE2F1}.Debug|Any CPU.ActiveCfg = Debug|Any CPU
		{AD08EB52-EA72-4AFB-A44D-447FB97AE2F1}.Debug|Any CPU.Build.0 = Debug|Any CPU
		{AD08EB52-EA72-4AFB-A44D-447FB97AE2F1}.Release|Any CPU.ActiveCfg = Release|Any CPU
		{AD08EB52-EA72-4AFB-A44D-447FB97AE2F1}.Release|Any CPU.Build.0 = Release|Any CPU
	EndGlobalSection
	GlobalSection(SolutionProperties) = preSolution
		HideSolutionNode = FALSE
	EndGlobalSection
	GlobalSection(ExtensibilityGlobals) = postSolution
		SolutionGuid = {8E8DA388-9AD9-4F67-B309-E35C75712B81}
	EndGlobalSection
EndGlobal
